// !$*UTF8*$!
{
	archiveVersion = 1;
	classes = {
	};
	objectVersion = 56;
	objects = {

/* Begin PBXBuildFile section */
		D765006A2AD48996005ED98B /* CustomBackgroundView.swift in Sources */ = {isa = PBXBuildFile; fileRef = D76500692AD48996005ED98B /* CustomBackgroundView.swift */; };
		D765006C2AD48D28005ED98B /* CardView.swift in Sources */ = {isa = PBXBuildFile; fileRef = D765006B2AD48D28005ED98B /* CardView.swift */; };
		D765006F2AD48E69005ED98B /* ColorExtension.swift in Sources */ = {isa = PBXBuildFile; fileRef = D765006E2AD48E69005ED98B /* ColorExtension.swift */; };
		D76500712AD4A3E9005ED98B /* CustomButtonView.swift in Sources */ = {isa = PBXBuildFile; fileRef = D76500702AD4A3E9005ED98B /* CustomButtonView.swift */; };
		D78112252AD4AD4500146041 /* GradiantButtonStyle.swift in Sources */ = {isa = PBXBuildFile; fileRef = D78112242AD4AD4500146041 /* GradiantButtonStyle.swift */; };
		D78112272AD4B30100146041 /* CustomCircleView.swift in Sources */ = {isa = PBXBuildFile; fileRef = D78112262AD4B30100146041 /* CustomCircleView.swift */; };
		D78112292AD4B6D800146041 /* MotionAnimationView.swift in Sources */ = {isa = PBXBuildFile; fileRef = D78112282AD4B6D800146041 /* MotionAnimationView.swift */; };
		D781122C2AD4C27A00146041 /* SettingsView.swift in Sources */ = {isa = PBXBuildFile; fileRef = D781122B2AD4C27A00146041 /* SettingsView.swift */; };
		D781122E2AD4D40D00146041 /* CustomListRowView.swift in Sources */ = {isa = PBXBuildFile; fileRef = D781122D2AD4D40D00146041 /* CustomListRowView.swift */; };
		D7F184FB2AD05F2700CF3370 /* HikeApp.swift in Sources */ = {isa = PBXBuildFile; fileRef = D7F184FA2AD05F2700CF3370 /* HikeApp.swift */; };
		D7F184FD2AD05F2700CF3370 /* ContentView.swift in Sources */ = {isa = PBXBuildFile; fileRef = D7F184FC2AD05F2700CF3370 /* ContentView.swift */; };
		D7F184FF2AD05F2900CF3370 /* Assets.xcassets in Resources */ = {isa = PBXBuildFile; fileRef = D7F184FE2AD05F2900CF3370 /* Assets.xcassets */; };
		D7F185022AD05F2900CF3370 /* Preview Assets.xcassets in Resources */ = {isa = PBXBuildFile; fileRef = D7F185012AD05F2900CF3370 /* Preview Assets.xcassets */; };
		D7F1850C2AD05F2900CF3370 /* HikeTests.swift in Sources */ = {isa = PBXBuildFile; fileRef = D7F1850B2AD05F2900CF3370 /* HikeTests.swift */; };
		D7F185162AD05F2900CF3370 /* HikeUITests.swift in Sources */ = {isa = PBXBuildFile; fileRef = D7F185152AD05F2900CF3370 /* HikeUITests.swift */; };
		D7F185182AD05F2900CF3370 /* HikeUITestsLaunchTests.swift in Sources */ = {isa = PBXBuildFile; fileRef = D7F185172AD05F2900CF3370 /* HikeUITestsLaunchTests.swift */; };
/* End PBXBuildFile section */

/* Begin PBXContainerItemProxy section */
		D7F185082AD05F2900CF3370 /* PBXContainerItemProxy */ = {
			isa = PBXContainerItemProxy;
			containerPortal = D7F184EF2AD05F2700CF3370 /* Project object */;
			proxyType = 1;
			remoteGlobalIDString = D7F184F62AD05F2700CF3370;
			remoteInfo = Hike;
		};
		D7F185122AD05F2900CF3370 /* PBXContainerItemProxy */ = {
			isa = PBXContainerItemProxy;
			containerPortal = D7F184EF2AD05F2700CF3370 /* Project object */;
			proxyType = 1;
			remoteGlobalIDString = D7F184F62AD05F2700CF3370;
			remoteInfo = Hike;
		};
/* End PBXContainerItemProxy section */

/* Begin PBXFileReference section */
		D76500692AD48996005ED98B /* CustomBackgroundView.swift */ = {isa = PBXFileReference; lastKnownFileType = sourcecode.swift; path = CustomBackgroundView.swift; sourceTree = "<group>"; };
		D765006B2AD48D28005ED98B /* CardView.swift */ = {isa = PBXFileReference; lastKnownFileType = sourcecode.swift; path = CardView.swift; sourceTree = "<group>"; };
		D765006E2AD48E69005ED98B /* ColorExtension.swift */ = {isa = PBXFileReference; lastKnownFileType = sourcecode.swift; path = ColorExtension.swift; sourceTree = "<group>"; };
		D76500702AD4A3E9005ED98B /* CustomButtonView.swift */ = {isa = PBXFileReference; lastKnownFileType = sourcecode.swift; path = CustomButtonView.swift; sourceTree = "<group>"; };
		D78112242AD4AD4500146041 /* GradiantButtonStyle.swift */ = {isa = PBXFileReference; lastKnownFileType = sourcecode.swift; path = GradiantButtonStyle.swift; sourceTree = "<group>"; };
		D78112262AD4B30100146041 /* CustomCircleView.swift */ = {isa = PBXFileReference; lastKnownFileType = sourcecode.swift; path = CustomCircleView.swift; sourceTree = "<group>"; };
		D78112282AD4B6D800146041 /* MotionAnimationView.swift */ = {isa = PBXFileReference; lastKnownFileType = sourcecode.swift; path = MotionAnimationView.swift; sourceTree = "<group>"; };
		D781122B2AD4C27A00146041 /* SettingsView.swift */ = {isa = PBXFileReference; lastKnownFileType = sourcecode.swift; path = SettingsView.swift; sourceTree = "<group>"; };
		D781122D2AD4D40D00146041 /* CustomListRowView.swift */ = {isa = PBXFileReference; lastKnownFileType = sourcecode.swift; path = CustomListRowView.swift; sourceTree = "<group>"; };
		D7F184F72AD05F2700CF3370 /* Hike.app */ = {isa = PBXFileReference; explicitFileType = wrapper.application; includeInIndex = 0; path = Hike.app; sourceTree = BUILT_PRODUCTS_DIR; };
		D7F184FA2AD05F2700CF3370 /* HikeApp.swift */ = {isa = PBXFileReference; lastKnownFileType = sourcecode.swift; path = HikeApp.swift; sourceTree = "<group>"; };
		D7F184FC2AD05F2700CF3370 /* ContentView.swift */ = {isa = PBXFileReference; lastKnownFileType = sourcecode.swift; path = ContentView.swift; sourceTree = "<group>"; };
		D7F184FE2AD05F2900CF3370 /* Assets.xcassets */ = {isa = PBXFileReference; lastKnownFileType = folder.assetcatalog; path = Assets.xcassets; sourceTree = "<group>"; };
		D7F185012AD05F2900CF3370 /* Preview Assets.xcassets */ = {isa = PBXFileReference; lastKnownFileType = folder.assetcatalog; path = "Preview Assets.xcassets"; sourceTree = "<group>"; };
		D7F185072AD05F2900CF3370 /* HikeTests.xctest */ = {isa = PBXFileReference; explicitFileType = wrapper.cfbundle; includeInIndex = 0; path = HikeTests.xctest; sourceTree = BUILT_PRODUCTS_DIR; };
		D7F1850B2AD05F2900CF3370 /* HikeTests.swift */ = {isa = PBXFileReference; lastKnownFileType = sourcecode.swift; path = HikeTests.swift; sourceTree = "<group>"; };
		D7F185112AD05F2900CF3370 /* HikeUITests.xctest */ = {isa = PBXFileReference; explicitFileType = wrapper.cfbundle; includeInIndex = 0; path = HikeUITests.xctest; sourceTree = BUILT_PRODUCTS_DIR; };
		D7F185152AD05F2900CF3370 /* HikeUITests.swift */ = {isa = PBXFileReference; lastKnownFileType = sourcecode.swift; path = HikeUITests.swift; sourceTree = "<group>"; };
		D7F185172AD05F2900CF3370 /* HikeUITestsLaunchTests.swift */ = {isa = PBXFileReference; lastKnownFileType = sourcecode.swift; path = HikeUITestsLaunchTests.swift; sourceTree = "<group>"; };
/* End PBXFileReference section */

/* Begin PBXFrameworksBuildPhase section */
		D7F184F42AD05F2700CF3370 /* Frameworks */ = {
			isa = PBXFrameworksBuildPhase;
			buildActionMask = 2147483647;
			files = (
			);
			runOnlyForDeploymentPostprocessing = 0;
		};
		D7F185042AD05F2900CF3370 /* Frameworks */ = {
			isa = PBXFrameworksBuildPhase;
			buildActionMask = 2147483647;
			files = (
			);
			runOnlyForDeploymentPostprocessing = 0;
		};
		D7F1850E2AD05F2900CF3370 /* Frameworks */ = {
			isa = PBXFrameworksBuildPhase;
			buildActionMask = 2147483647;
			files = (
			);
			runOnlyForDeploymentPostprocessing = 0;
		};
/* End PBXFrameworksBuildPhase section */

/* Begin PBXGroup section */
		D76500682AD4891E005ED98B /* Component */ = {
			isa = PBXGroup;
			children = (
				D76500692AD48996005ED98B /* CustomBackgroundView.swift */,
				D765006B2AD48D28005ED98B /* CardView.swift */,
				D76500702AD4A3E9005ED98B /* CustomButtonView.swift */,
				D78112262AD4B30100146041 /* CustomCircleView.swift */,
				D78112282AD4B6D800146041 /* MotionAnimationView.swift */,
				D781122D2AD4D40D00146041 /* CustomListRowView.swift */,
			);
			path = Component;
			sourceTree = "<group>";
		};
		D765006D2AD48E4F005ED98B /* Utility */ = {
			isa = PBXGroup;
			children = (
				D765006E2AD48E69005ED98B /* ColorExtension.swift */,
				D78112242AD4AD4500146041 /* GradiantButtonStyle.swift */,
			);
			path = Utility;
			sourceTree = "<group>";
		};
		D781122A2AD4C12900146041 /* Screen */ = {
			isa = PBXGroup;
			children = (
				D7F184FC2AD05F2700CF3370 /* ContentView.swift */,
				D781122B2AD4C27A00146041 /* SettingsView.swift */,
			);
			path = Screen;
			sourceTree = "<group>";
		};
		D7F184EE2AD05F2700CF3370 = {
			isa = PBXGroup;
			children = (
				D7F184F92AD05F2700CF3370 /* Hike */,
				D7F1850A2AD05F2900CF3370 /* HikeTests */,
				D7F185142AD05F2900CF3370 /* HikeUITests */,
				D7F184F82AD05F2700CF3370 /* Products */,
			);
			sourceTree = "<group>";
		};
		D7F184F82AD05F2700CF3370 /* Products */ = {
			isa = PBXGroup;
			children = (
				D7F184F72AD05F2700CF3370 /* Hike.app */,
				D7F185072AD05F2900CF3370 /* HikeTests.xctest */,
				D7F185112AD05F2900CF3370 /* HikeUITests.xctest */,
			);
			name = Products;
			sourceTree = "<group>";
		};
		D7F184F92AD05F2700CF3370 /* Hike */ = {
			isa = PBXGroup;
			children = (
				D765006D2AD48E4F005ED98B /* Utility */,
				D76500682AD4891E005ED98B /* Component */,
				D7F184FA2AD05F2700CF3370 /* HikeApp.swift */,
				D781122A2AD4C12900146041 /* Screen */,
				D7F184FE2AD05F2900CF3370 /* Assets.xcassets */,
				D7F185002AD05F2900CF3370 /* Preview Content */,
			);
			path = Hike;
			sourceTree = "<group>";
		};
		D7F185002AD05F2900CF3370 /* Preview Content */ = {
			isa = PBXGroup;
			children = (
				D7F185012AD05F2900CF3370 /* Preview Assets.xcassets */,
			);
			path = "Preview Content";
			sourceTree = "<group>";
		};
		D7F1850A2AD05F2900CF3370 /* HikeTests */ = {
			isa = PBXGroup;
			children = (
				D7F1850B2AD05F2900CF3370 /* HikeTests.swift */,
			);
			path = HikeTests;
			sourceTree = "<group>";
		};
		D7F185142AD05F2900CF3370 /* HikeUITests */ = {
			isa = PBXGroup;
			children = (
				D7F185152AD05F2900CF3370 /* HikeUITests.swift */,
				D7F185172AD05F2900CF3370 /* HikeUITestsLaunchTests.swift */,
			);
			path = HikeUITests;
			sourceTree = "<group>";
		};
/* End PBXGroup section */

/* Begin PBXNativeTarget section */
		D7F184F62AD05F2700CF3370 /* Hike */ = {
			isa = PBXNativeTarget;
			buildConfigurationList = D7F1851B2AD05F2900CF3370 /* Build configuration list for PBXNativeTarget "Hike" */;
			buildPhases = (
				D7F184F32AD05F2700CF3370 /* Sources */,
				D7F184F42AD05F2700CF3370 /* Frameworks */,
				D7F184F52AD05F2700CF3370 /* Resources */,
			);
			buildRules = (
			);
			dependencies = (
			);
			name = Hike;
			productName = Hike;
			productReference = D7F184F72AD05F2700CF3370 /* Hike.app */;
			productType = "com.apple.product-type.application";
		};
		D7F185062AD05F2900CF3370 /* HikeTests */ = {
			isa = PBXNativeTarget;
			buildConfigurationList = D7F1851E2AD05F2900CF3370 /* Build configuration list for PBXNativeTarget "HikeTests" */;
			buildPhases = (
				D7F185032AD05F2900CF3370 /* Sources */,
				D7F185042AD05F2900CF3370 /* Frameworks */,
				D7F185052AD05F2900CF3370 /* Resources */,
			);
			buildRules = (
			);
			dependencies = (
				D7F185092AD05F2900CF3370 /* PBXTargetDependency */,
			);
			name = HikeTests;
			productName = HikeTests;
			productReference = D7F185072AD05F2900CF3370 /* HikeTests.xctest */;
			productType = "com.apple.product-type.bundle.unit-test";
		};
		D7F185102AD05F2900CF3370 /* HikeUITests */ = {
			isa = PBXNativeTarget;
			buildConfigurationList = D7F185212AD05F2900CF3370 /* Build configuration list for PBXNativeTarget "HikeUITests" */;
			buildPhases = (
				D7F1850D2AD05F2900CF3370 /* Sources */,
				D7F1850E2AD05F2900CF3370 /* Frameworks */,
				D7F1850F2AD05F2900CF3370 /* Resources */,
			);
			buildRules = (
			);
			dependencies = (
				D7F185132AD05F2900CF3370 /* PBXTargetDependency */,
			);
			name = HikeUITests;
			productName = HikeUITests;
			productReference = D7F185112AD05F2900CF3370 /* HikeUITests.xctest */;
			productType = "com.apple.product-type.bundle.ui-testing";
		};
/* End PBXNativeTarget section */

/* Begin PBXProject section */
		D7F184EF2AD05F2700CF3370 /* Project object */ = {
			isa = PBXProject;
			attributes = {
				BuildIndependentTargetsInParallel = 1;
				LastSwiftUpdateCheck = 1500;
				LastUpgradeCheck = 1500;
				TargetAttributes = {
					D7F184F62AD05F2700CF3370 = {
						CreatedOnToolsVersion = 15.0;
					};
					D7F185062AD05F2900CF3370 = {
						CreatedOnToolsVersion = 15.0;
						TestTargetID = D7F184F62AD05F2700CF3370;
					};
					D7F185102AD05F2900CF3370 = {
						CreatedOnToolsVersion = 15.0;
						TestTargetID = D7F184F62AD05F2700CF3370;
					};
				};
			};
			buildConfigurationList = D7F184F22AD05F2700CF3370 /* Build configuration list for PBXProject "Hike" */;
			compatibilityVersion = "Xcode 14.0";
			developmentRegion = en;
			hasScannedForEncodings = 0;
			knownRegions = (
				en,
				Base,
			);
			mainGroup = D7F184EE2AD05F2700CF3370;
			productRefGroup = D7F184F82AD05F2700CF3370 /* Products */;
			projectDirPath = "";
			projectRoot = "";
			targets = (
				D7F184F62AD05F2700CF3370 /* Hike */,
				D7F185062AD05F2900CF3370 /* HikeTests */,
				D7F185102AD05F2900CF3370 /* HikeUITests */,
			);
		};
/* End PBXProject section */

/* Begin PBXResourcesBuildPhase section */
		D7F184F52AD05F2700CF3370 /* Resources */ = {
			isa = PBXResourcesBuildPhase;
			buildActionMask = 2147483647;
			files = (
				D7F185022AD05F2900CF3370 /* Preview Assets.xcassets in Resources */,
				D7F184FF2AD05F2900CF3370 /* Assets.xcassets in Resources */,
			);
			runOnlyForDeploymentPostprocessing = 0;
		};
		D7F185052AD05F2900CF3370 /* Resources */ = {
			isa = PBXResourcesBuildPhase;
			buildActionMask = 2147483647;
			files = (
			);
			runOnlyForDeploymentPostprocessing = 0;
		};
		D7F1850F2AD05F2900CF3370 /* Resources */ = {
			isa = PBXResourcesBuildPhase;
			buildActionMask = 2147483647;
			files = (
			);
			runOnlyForDeploymentPostprocessing = 0;
		};
/* End PBXResourcesBuildPhase section */

/* Begin PBXSourcesBuildPhase section */
		D7F184F32AD05F2700CF3370 /* Sources */ = {
			isa = PBXSourcesBuildPhase;
			buildActionMask = 2147483647;
			files = (
				D765006A2AD48996005ED98B /* CustomBackgroundView.swift in Sources */,
				D78112272AD4B30100146041 /* CustomCircleView.swift in Sources */,
				D781122E2AD4D40D00146041 /* CustomListRowView.swift in Sources */,
				D78112252AD4AD4500146041 /* GradiantButtonStyle.swift in Sources */,
				D7F184FD2AD05F2700CF3370 /* ContentView.swift in Sources */,
				D765006C2AD48D28005ED98B /* CardView.swift in Sources */,
				D781122C2AD4C27A00146041 /* SettingsView.swift in Sources */,
				D76500712AD4A3E9005ED98B /* CustomButtonView.swift in Sources */,
				D78112292AD4B6D800146041 /* MotionAnimationView.swift in Sources */,
				D7F184FB2AD05F2700CF3370 /* HikeApp.swift in Sources */,
				D765006F2AD48E69005ED98B /* ColorExtension.swift in Sources */,
			);
			runOnlyForDeploymentPostprocessing = 0;
		};
		D7F185032AD05F2900CF3370 /* Sources */ = {
			isa = PBXSourcesBuildPhase;
			buildActionMask = 2147483647;
			files = (
				D7F1850C2AD05F2900CF3370 /* HikeTests.swift in Sources */,
			);
			runOnlyForDeploymentPostprocessing = 0;
		};
		D7F1850D2AD05F2900CF3370 /* Sources */ = {
			isa = PBXSourcesBuildPhase;
			buildActionMask = 2147483647;
			files = (
				D7F185162AD05F2900CF3370 /* HikeUITests.swift in Sources */,
				D7F185182AD05F2900CF3370 /* HikeUITestsLaunchTests.swift in Sources */,
			);
			runOnlyForDeploymentPostprocessing = 0;
		};
/* End PBXSourcesBuildPhase section */

/* Begin PBXTargetDependency section */
		D7F185092AD05F2900CF3370 /* PBXTargetDependency */ = {
			isa = PBXTargetDependency;
			target = D7F184F62AD05F2700CF3370 /* Hike */;
			targetProxy = D7F185082AD05F2900CF3370 /* PBXContainerItemProxy */;
		};
		D7F185132AD05F2900CF3370 /* PBXTargetDependency */ = {
			isa = PBXTargetDependency;
			target = D7F184F62AD05F2700CF3370 /* Hike */;
			targetProxy = D7F185122AD05F2900CF3370 /* PBXContainerItemProxy */;
		};
/* End PBXTargetDependency section */

/* Begin XCBuildConfiguration section */
		D7F185192AD05F2900CF3370 /* Debug */ = {
			isa = XCBuildConfiguration;
			buildSettings = {
				ALWAYS_SEARCH_USER_PATHS = NO;
				ASSETCATALOG_COMPILER_GENERATE_SWIFT_ASSET_SYMBOL_EXTENSIONS = YES;
				CLANG_ANALYZER_NONNULL = YES;
				CLANG_ANALYZER_NUMBER_OBJECT_CONVERSION = YES_AGGRESSIVE;
				CLANG_CXX_LANGUAGE_STANDARD = "gnu++20";
				CLANG_ENABLE_MODULES = YES;
				CLANG_ENABLE_OBJC_ARC = YES;
				CLANG_ENABLE_OBJC_WEAK = YES;
				CLANG_WARN_BLOCK_CAPTURE_AUTORELEASING = YES;
				CLANG_WARN_BOOL_CONVERSION = YES;
				CLANG_WARN_COMMA = YES;
				CLANG_WARN_CONSTANT_CONVERSION = YES;
				CLANG_WARN_DEPRECATED_OBJC_IMPLEMENTATIONS = YES;
				CLANG_WARN_DIRECT_OBJC_ISA_USAGE = YES_ERROR;
				CLANG_WARN_DOCUMENTATION_COMMENTS = YES;
				CLANG_WARN_EMPTY_BODY = YES;
				CLANG_WARN_ENUM_CONVERSION = YES;
				CLANG_WARN_INFINITE_RECURSION = YES;
				CLANG_WARN_INT_CONVERSION = YES;
				CLANG_WARN_NON_LITERAL_NULL_CONVERSION = YES;
				CLANG_WARN_OBJC_IMPLICIT_RETAIN_SELF = YES;
				CLANG_WARN_OBJC_LITERAL_CONVERSION = YES;
				CLANG_WARN_OBJC_ROOT_CLASS = YES_ERROR;
				CLANG_WARN_QUOTED_INCLUDE_IN_FRAMEWORK_HEADER = YES;
				CLANG_WARN_RANGE_LOOP_ANALYSIS = YES;
				CLANG_WARN_STRICT_PROTOTYPES = YES;
				CLANG_WARN_SUSPICIOUS_MOVE = YES;
				CLANG_WARN_UNGUARDED_AVAILABILITY = YES_AGGRESSIVE;
				CLANG_WARN_UNREACHABLE_CODE = YES;
				CLANG_WARN__DUPLICATE_METHOD_MATCH = YES;
				COPY_PHASE_STRIP = NO;
				DEBUG_INFORMATION_FORMAT = dwarf;
				ENABLE_STRICT_OBJC_MSGSEND = YES;
				ENABLE_TESTABILITY = YES;
				ENABLE_USER_SCRIPT_SANDBOXING = YES;
				GCC_C_LANGUAGE_STANDARD = gnu17;
				GCC_DYNAMIC_NO_PIC = NO;
				GCC_NO_COMMON_BLOCKS = YES;
				GCC_OPTIMIZATION_LEVEL = 0;
				GCC_PREPROCESSOR_DEFINITIONS = (
					"DEBUG=1",
					"$(inherited)",
				);
				GCC_WARN_64_TO_32_BIT_CONVERSION = YES;
				GCC_WARN_ABOUT_RETURN_TYPE = YES_ERROR;
				GCC_WARN_UNDECLARED_SELECTOR = YES;
				GCC_WARN_UNINITIALIZED_AUTOS = YES_AGGRESSIVE;
				GCC_WARN_UNUSED_FUNCTION = YES;
				GCC_WARN_UNUSED_VARIABLE = YES;
				IPHONEOS_DEPLOYMENT_TARGET = 17.0;
				LOCALIZATION_PREFERS_STRING_CATALOGS = YES;
				MTL_ENABLE_DEBUG_INFO = INCLUDE_SOURCE;
				MTL_FAST_MATH = YES;
				ONLY_ACTIVE_ARCH = YES;
				SDKROOT = iphoneos;
				SWIFT_ACTIVE_COMPILATION_CONDITIONS = "DEBUG $(inherited)";
				SWIFT_OPTIMIZATION_LEVEL = "-Onone";
			};
			name = Debug;
		};
		D7F1851A2AD05F2900CF3370 /* Release */ = {
			isa = XCBuildConfiguration;
			buildSettings = {
				ALWAYS_SEARCH_USER_PATHS = NO;
				ASSETCATALOG_COMPILER_GENERATE_SWIFT_ASSET_SYMBOL_EXTENSIONS = YES;
				CLANG_ANALYZER_NONNULL = YES;
				CLANG_ANALYZER_NUMBER_OBJECT_CONVERSION = YES_AGGRESSIVE;
				CLANG_CXX_LANGUAGE_STANDARD = "gnu++20";
				CLANG_ENABLE_MODULES = YES;
				CLANG_ENABLE_OBJC_ARC = YES;
				CLANG_ENABLE_OBJC_WEAK = YES;
				CLANG_WARN_BLOCK_CAPTURE_AUTORELEASING = YES;
				CLANG_WARN_BOOL_CONVERSION = YES;
				CLANG_WARN_COMMA = YES;
				CLANG_WARN_CONSTANT_CONVERSION = YES;
				CLANG_WARN_DEPRECATED_OBJC_IMPLEMENTATIONS = YES;
				CLANG_WARN_DIRECT_OBJC_ISA_USAGE = YES_ERROR;
				CLANG_WARN_DOCUMENTATION_COMMENTS = YES;
				CLANG_WARN_EMPTY_BODY = YES;
				CLANG_WARN_ENUM_CONVERSION = YES;
				CLANG_WARN_INFINITE_RECURSION = YES;
				CLANG_WARN_INT_CONVERSION = YES;
				CLANG_WARN_NON_LITERAL_NULL_CONVERSION = YES;
				CLANG_WARN_OBJC_IMPLICIT_RETAIN_SELF = YES;
				CLANG_WARN_OBJC_LITERAL_CONVERSION = YES;
				CLANG_WARN_OBJC_ROOT_CLASS = YES_ERROR;
				CLANG_WARN_QUOTED_INCLUDE_IN_FRAMEWORK_HEADER = YES;
				CLANG_WARN_RANGE_LOOP_ANALYSIS = YES;
				CLANG_WARN_STRICT_PROTOTYPES = YES;
				CLANG_WARN_SUSPICIOUS_MOVE = YES;
				CLANG_WARN_UNGUARDED_AVAILABILITY = YES_AGGRESSIVE;
				CLANG_WARN_UNREACHABLE_CODE = YES;
				CLANG_WARN__DUPLICATE_METHOD_MATCH = YES;
				COPY_PHASE_STRIP = NO;
				DEBUG_INFORMATION_FORMAT = "dwarf-with-dsym";
				ENABLE_NS_ASSERTIONS = NO;
				ENABLE_STRICT_OBJC_MSGSEND = YES;
				ENABLE_USER_SCRIPT_SANDBOXING = YES;
				GCC_C_LANGUAGE_STANDARD = gnu17;
				GCC_NO_COMMON_BLOCKS = YES;
				GCC_WARN_64_TO_32_BIT_CONVERSION = YES;
				GCC_WARN_ABOUT_RETURN_TYPE = YES_ERROR;
				GCC_WARN_UNDECLARED_SELECTOR = YES;
				GCC_WARN_UNINITIALIZED_AUTOS = YES_AGGRESSIVE;
				GCC_WARN_UNUSED_FUNCTION = YES;
				GCC_WARN_UNUSED_VARIABLE = YES;
				IPHONEOS_DEPLOYMENT_TARGET = 17.0;
				LOCALIZATION_PREFERS_STRING_CATALOGS = YES;
				MTL_ENABLE_DEBUG_INFO = NO;
				MTL_FAST_MATH = YES;
				SDKROOT = iphoneos;
				SWIFT_COMPILATION_MODE = wholemodule;
				VALIDATE_PRODUCT = YES;
			};
			name = Release;
		};
		D7F1851C2AD05F2900CF3370 /* Debug */ = {
			isa = XCBuildConfiguration;
			buildSettings = {
				ASSETCATALOG_COMPILER_APPICON_NAME = AppIcon;
				ASSETCATALOG_COMPILER_GLOBAL_ACCENT_COLOR_NAME = AccentColor;
				ASSETCATALOG_COMPILER_INCLUDE_ALL_APPICON_ASSETS = YES;
				CODE_SIGN_STYLE = Automatic;
				CURRENT_PROJECT_VERSION = 1;
				DEVELOPMENT_ASSET_PATHS = "\"Hike/Preview Content\"";
				DEVELOPMENT_TEAM = 4RLR8Z4XLR;
				ENABLE_PREVIEWS = YES;
				GENERATE_INFOPLIST_FILE = YES;
				INFOPLIST_KEY_UIApplicationSceneManifest_Generation = YES;
				INFOPLIST_KEY_UIApplicationSupportsIndirectInputEvents = YES;
				INFOPLIST_KEY_UILaunchScreen_Generation = YES;
				INFOPLIST_KEY_UISupportedInterfaceOrientations_iPad = "UIInterfaceOrientationPortrait UIInterfaceOrientationPortraitUpsideDown UIInterfaceOrientationLandscapeLeft UIInterfaceOrientationLandscapeRight";
				INFOPLIST_KEY_UISupportedInterfaceOrientations_iPhone = "UIInterfaceOrientationPortrait UIInterfaceOrientationLandscapeLeft UIInterfaceOrientationLandscapeRight";
				LD_RUNPATH_SEARCH_PATHS = (
					"$(inherited)",
					"@executable_path/Frameworks",
				);
				MARKETING_VERSION = 1.0;
				PRODUCT_BUNDLE_IDENTIFIER = eliezer.antonio.Hike;
				PRODUCT_NAME = "$(TARGET_NAME)";
				SWIFT_EMIT_LOC_STRINGS = YES;
				SWIFT_VERSION = 5.0;
				TARGETED_DEVICE_FAMILY = "1,2";
			};
			name = Debug;
		};
		D7F1851D2AD05F2900CF3370 /* Release */ = {
			isa = XCBuildConfiguration;
			buildSettings = {
				ASSETCATALOG_COMPILER_APPICON_NAME = AppIcon;
				ASSETCATALOG_COMPILER_GLOBAL_ACCENT_COLOR_NAME = AccentColor;
				ASSETCATALOG_COMPILER_INCLUDE_ALL_APPICON_ASSETS = YES;
				CODE_SIGN_STYLE = Automatic;
				CURRENT_PROJECT_VERSION = 1;
				DEVELOPMENT_ASSET_PATHS = "\"Hike/Preview Content\"";
				DEVELOPMENT_TEAM = 4RLR8Z4XLR;
				ENABLE_PREVIEWS = YES;
				GENERATE_INFOPLIST_FILE = YES;
				INFOPLIST_KEY_UIApplicationSceneManifest_Generation = YES;
				INFOPLIST_KEY_UIApplicationSupportsIndirectInputEvents = YES;
				INFOPLIST_KEY_UILaunchScreen_Generation = YES;
				INFOPLIST_KEY_UISupportedInterfaceOrientations_iPad = "UIInterfaceOrientationPortrait UIInterfaceOrientationPortraitUpsideDown UIInterfaceOrientationLandscapeLeft UIInterfaceOrientationLandscapeRight";
				INFOPLIST_KEY_UISupportedInterfaceOrientations_iPhone = "UIInterfaceOrientationPortrait UIInterfaceOrientationLandscapeLeft UIInterfaceOrientationLandscapeRight";
				LD_RUNPATH_SEARCH_PATHS = (
					"$(inherited)",
					"@executable_path/Frameworks",
				);
				MARKETING_VERSION = 1.0;
				PRODUCT_BUNDLE_IDENTIFIER = eliezer.antonio.Hike;
				PRODUCT_NAME = "$(TARGET_NAME)";
				SWIFT_EMIT_LOC_STRINGS = YES;
				SWIFT_VERSION = 5.0;
				TARGETED_DEVICE_FAMILY = "1,2";
			};
			name = Release;
		};
		D7F1851F2AD05F2900CF3370 /* Debug */ = {
			isa = XCBuildConfiguration;
			buildSettings = {
				ALWAYS_EMBED_SWIFT_STANDARD_LIBRARIES = YES;
				BUNDLE_LOADER = "$(TEST_HOST)";
				CODE_SIGN_STYLE = Automatic;
				CURRENT_PROJECT_VERSION = 1;
				DEVELOPMENT_TEAM = 4RLR8Z4XLR;
				GENERATE_INFOPLIST_FILE = YES;
				IPHONEOS_DEPLOYMENT_TARGET = 17.0;
				MARKETING_VERSION = 1.0;
				PRODUCT_BUNDLE_IDENTIFIER = eliezer.antonio.HikeTests;
				PRODUCT_NAME = "$(TARGET_NAME)";
				SWIFT_EMIT_LOC_STRINGS = NO;
				SWIFT_VERSION = 5.0;
				TARGETED_DEVICE_FAMILY = "1,2";
				TEST_HOST = "$(BUILT_PRODUCTS_DIR)/Hike.app/$(BUNDLE_EXECUTABLE_FOLDER_PATH)/Hike";
			};
			name = Debug;
		};
		D7F185202AD05F2900CF3370 /* Release */ = {
			isa = XCBuildConfiguration;
			buildSettings = {
				ALWAYS_EMBED_SWIFT_STANDARD_LIBRARIES = YES;
				BUNDLE_LOADER = "$(TEST_HOST)";
				CODE_SIGN_STYLE = Automatic;
				CURRENT_PROJECT_VERSION = 1;
				DEVELOPMENT_TEAM = 4RLR8Z4XLR;
				GENERATE_INFOPLIST_FILE = YES;
				IPHONEOS_DEPLOYMENT_TARGET = 17.0;
				MARKETING_VERSION = 1.0;
				PRODUCT_BUNDLE_IDENTIFIER = eliezer.antonio.HikeTests;
				PRODUCT_NAME = "$(TARGET_NAME)";
				SWIFT_EMIT_LOC_STRINGS = NO;
				SWIFT_VERSION = 5.0;
				TARGETED_DEVICE_FAMILY = "1,2";
				TEST_HOST = "$(BUILT_PRODUCTS_DIR)/Hike.app/$(BUNDLE_EXECUTABLE_FOLDER_PATH)/Hike";
			};
			name = Release;
		};
		D7F185222AD05F2900CF3370 /* Debug */ = {
			isa = XCBuildConfiguration;
			buildSettings = {
				ALWAYS_EMBED_SWIFT_STANDARD_LIBRARIES = YES;
				CODE_SIGN_STYLE = Automatic;
				CURRENT_PROJECT_VERSION = 1;
				DEVELOPMENT_TEAM = 4RLR8Z4XLR;
				GENERATE_INFOPLIST_FILE = YES;
				MARKETING_VERSION = 1.0;
				PRODUCT_BUNDLE_IDENTIFIER = eliezer.antonio.HikeUITests;
				PRODUCT_NAME = "$(TARGET_NAME)";
				SWIFT_EMIT_LOC_STRINGS = NO;
				SWIFT_VERSION = 5.0;
				TARGETED_DEVICE_FAMILY = "1,2";
				TEST_TARGET_NAME = Hike;
			};
			name = Debug;
		};
		D7F185232AD05F2900CF3370 /* Release */ = {
			isa = XCBuildConfiguration;
			buildSettings = {
				ALWAYS_EMBED_SWIFT_STANDARD_LIBRARIES = YES;
				CODE_SIGN_STYLE = Automatic;
				CURRENT_PROJECT_VERSION = 1;
				DEVELOPMENT_TEAM = 4RLR8Z4XLR;
				GENERATE_INFOPLIST_FILE = YES;
				MARKETING_VERSION = 1.0;
				PRODUCT_BUNDLE_IDENTIFIER = eliezer.antonio.HikeUITests;
				PRODUCT_NAME = "$(TARGET_NAME)";
				SWIFT_EMIT_LOC_STRINGS = NO;
				SWIFT_VERSION = 5.0;
				TARGETED_DEVICE_FAMILY = "1,2";
				TEST_TARGET_NAME = Hike;
			};
			name = Release;
		};
/* End XCBuildConfiguration section */

/* Begin XCConfigurationList section */
		D7F184F22AD05F2700CF3370 /* Build configuration list for PBXProject "Hike" */ = {
			isa = XCConfigurationList;
			buildConfigurations = (
				D7F185192AD05F2900CF3370 /* Debug */,
				D7F1851A2AD05F2900CF3370 /* Release */,
			);
			defaultConfigurationIsVisible = 0;
			defaultConfigurationName = Release;
		};
		D7F1851B2AD05F2900CF3370 /* Build configuration list for PBXNativeTarget "Hike" */ = {
			isa = XCConfigurationList;
			buildConfigurations = (
				D7F1851C2AD05F2900CF3370 /* Debug */,
				D7F1851D2AD05F2900CF3370 /* Release */,
			);
			defaultConfigurationIsVisible = 0;
			defaultConfigurationName = Release;
		};
		D7F1851E2AD05F2900CF3370 /* Build configuration list for PBXNativeTarget "HikeTests" */ = {
			isa = XCConfigurationList;
			buildConfigurations = (
				D7F1851F2AD05F2900CF3370 /* Debug */,
				D7F185202AD05F2900CF3370 /* Release */,
			);
			defaultConfigurationIsVisible = 0;
			defaultConfigurationName = Release;
		};
		D7F185212AD05F2900CF3370 /* Build configuration list for PBXNativeTarget "HikeUITests" */ = {
			isa = XCConfigurationList;
			buildConfigurations = (
				D7F185222AD05F2900CF3370 /* Debug */,
				D7F185232AD05F2900CF3370 /* Release */,
			);
			defaultConfigurationIsVisible = 0;
			defaultConfigurationName = Release;
		};
/* End XCConfigurationList section */
	};
	rootObject = D7F184EF2AD05F2700CF3370 /* Project object */;
}
